
Microsoft Visual Studio Solution File, Format Version 12.00
# Visual Studio Version 17
VisualStudioVersion = 17.14.36414.22
MinimumVisualStudioVersion = 10.0.40219.1
Project("{2150E333-8FDC-42A3-9474-1A3956D46DE8}") = "Task0", "Task0", "{02EA681E-C7D8-13C7-8484-4AC65E1B71E8}"
EndProject
Project("{FAE04EC0-301F-11D3-BF4B-00C04F79EFBC}") = "Tyuiu.TumashenkinYA.Sprint0.Task0.V0", "Tyuiu.TumashenkinYA.Sprint0.Task0.V0\Tyuiu.TumashenkinYA.Sprint0.Task0.V0.csproj", "{E900697A-1521-48F0-8F95-951C76984EC6}"
EndProject
Project("{2150E333-8FDC-42A3-9474-1A3956D46DE8}") = "Task1", "Task1", "{D51972CB-F568-47C0-BB80-430C021271CA}"
EndProject
Project("{FAE04EC0-301F-11D3-BF4B-00C04F79EFBC}") = "Tyuiu.TumashenkinYA.Sprint0.Task1.V0", "Tyuiu.TumashenkinYA.Sprint0.Task1.V0\Tyuiu.TumashenkinYA.Sprint0.Task1.V0.csproj", "{70410F97-3A15-48BB-9278-5F0A0CE8776E}"
EndProject
Project("{2150E333-8FDC-42A3-9474-1A3956D46DE8}") = "Task2", "Task2", "{A708E72B-36E1-4FE5-86F5-5DDAFC23640E}"
EndProject
Project("{FAE04EC0-301F-11D3-BF4B-00C04F79EFBC}") = "Tyuiu.TumashenkinYA.Sprint0.Task2.V0", "Tyuiu.TumashenkinYA.Task2.V0\Tyuiu.TumashenkinYA.Sprint0.Task2.V0.csproj", "{6038E1C3-2D2B-4FDF-BF2E-11FFF0A74774}"
EndProject
Project("{FAE04EC0-301F-11D3-BF4B-00C04F79EFBC}") = "Tyuiu.TumashenkinYA.Sprint0.Task2.V0.Lib", "Tyuiu.TumashenkinYA.Task2.V0.Lib\Tyuiu.TumashenkinYA.Sprint0.Task2.V0.Lib.csproj", "{9656CE96-329F-41FE-81CD-6776F7725D67}"
EndProject
Project("{FAE04EC0-301F-11D3-BF4B-00C04F79EFBC}") = "Tyuiu.TumashenkinYA.Sprint0.Task2.V0.Test", "Tyuiu.TumashenkinYA.Sprint0.Task2.V0.Test\Tyuiu.TumashenkinYA.Sprint0.Task2.V0.Test.csproj", "{21B1CCC0-0D72-48D3-98C2-3C9CBD65198B}"
EndProject
Project("{2150E333-8FDC-42A3-9474-1A3956D46DE8}") = "Task3", "Task3", "{C7454AFC-6421-4266-A463-98C00AF674C4}"
EndProject
Project("{FAE04EC0-301F-11D3-BF4B-00C04F79EFBC}") = "Tyuiy.TumashenkinYA.Sprint0.Task3.V0.Test", "Tyuiy.TumashenkinYA.Sprint0.Task3.V0.Test\Tyuiy.TumashenkinYA.Sprint0.Task3.V0.Test.csproj", "{C1D1F2D1-54DF-4033-9ED8-71E38C4A6788}"
EndProject
Project("{FAE04EC0-301F-11D3-BF4B-00C04F79EFBC}") = "Tyuiu.TumashenkinYA.Sprint0.Task3.V0.Lib", "Tyuiu.TumashenkinYA.Sprint0.Task3.V0.Lib\Tyuiu.TumashenkinYA.Sprint0.Task3.V0.Lib.csproj", "{95840F6A-EB87-4266-8B47-57D1C98604B4}"
EndProject
Project("{FAE04EC0-301F-11D3-BF4B-00C04F79EFBC}") = "Tyuiu.TumashenkinYA.Sprint0.Task3.V0", "Tyuiu.TumashenkinYA.Sprint0.Task3.V0\Tyuiu.TumashenkinYA.Sprint0.Task3.V0.csproj", "{0483516F-9123-4FA9-9FC9-449B39C6DA67}"
EndProject
Project("{2150E333-8FDC-42A3-9474-1A3956D46DE8}") = "Task4", "Task4", "{E6868008-6A3D-4916-BBA0-8FA40E9D8F35}"
EndProject
Project("{FAE04EC0-301F-11D3-BF4B-00C04F79EFBC}") = "Tyuiu.TumashenkinYA.Sprint0.Task4.V0", "Tyuiy.TumashenkinYA.Sprint0.Task4.V0\Tyuiu.TumashenkinYA.Sprint0.Task4.V0.csproj", "{3BD12D45-FC73-43D6-AD61-FFCD04816086}"
EndProject
Project("{FAE04EC0-301F-11D3-BF4B-00C04F79EFBC}") = "Tyuiu.TumashenkinYA.Sprint0.Task4.V0.Lib", "Tyuiu.TumashenkinYA.Sprint0.Task4.V0.Lib\Tyuiu.TumashenkinYA.Sprint0.Task4.V0.Lib.csproj", "{1ABE2AA8-85EF-423D-B31E-E8CE4C90F527}"
EndProject
Project("{2150E333-8FDC-42A3-9474-1A3956D46DE8}") = "Task5", "Task5", "{617467CF-9936-4A8D-9DFC-F9660EBD188C}"
EndProject
Project("{FAE04EC0-301F-11D3-BF4B-00C04F79EFBC}") = "Tyuiu.TumashenkinYA.Sprint0.Task5.V0.Test", "Tyuiu.TumashenkinYA.Sprint0.Task5.V0.Test\Tyuiu.TumashenkinYA.Sprint0.Task5.V0.Test.csproj", "{92048B5C-30A2-486B-A545-52EC5FB66432}"
EndProject
Project("{FAE04EC0-301F-11D3-BF4B-00C04F79EFBC}") = "Tyuiu.TumashenkinYA.Sprint0.Task5.V0", "Tyuiu.TumashenkinYA.Spritn0.Task5.V0\Tyuiu.TumashenkinYA.Sprint0.Task5.V0.csproj", "{8F2ACCF1-02B5-4118-8C3F-9F02901347D1}"
EndProject
Project("{FAE04EC0-301F-11D3-BF4B-00C04F79EFBC}") = "Tyuiu.TumashenkinYA.Sprint0.Task5.V0.Lib", "Tyuiu.TumashenkinYA.Sprint0.Task5.V0.Lib\Tyuiu.TumashenkinYA.Sprint0.Task5.V0.Lib.csproj", "{A943F9AD-C12E-4EB9-92E9-0151D0D2699A}"
EndProject
Project("{2150E333-8FDC-42A3-9474-1A3956D46DE8}") = "Task6", "Task6", "{2D929F0E-AD94-40D5-84A8-A2239629DADF}"
EndProject
Project("{FAE04EC0-301F-11D3-BF4B-00C04F79EFBC}") = "Tyuiu.TumashenkinYA.Sprint0.Task6.V0", "Tyuiu.TumashenkinYA.Sprint0.Task6.V0\Tyuiu.TumashenkinYA.Sprint0.Task6.V0.csproj", "{D5F4D520-D3C7-4BF4-83A2-D9CF4BCA9258}"
EndProject
Project("{FAE04EC0-301F-11D3-BF4B-00C04F79EFBC}") = "Tyuiu.TumashenkinYA.Sprint0.Task6.V0.Lib", "Tyuiu.TumashenkinYA.Sprint0.Task6.V0.Lib\Tyuiu.TumashenkinYA.Sprint0.Task6.V0.Lib.csproj", "{2AE094BC-919E-4F90-82F0-7A145AFA16A3}"
EndProject
Project("{FAE04EC0-301F-11D3-BF4B-00C04F79EFBC}") = "Tyuiu.TumashenkinYA.Sprint0.Task6.V0.Test", "Tyuiu.TumashenkinYA.Sprint0.Task6.V0.Test\Tyuiu.TumashenkinYA.Sprint0.Task6.V0.Test.csproj", "{298B3FC5-2885-4EAB-A28C-B50E58A3DE3B}"
EndProject
Global
	GlobalSection(SolutionConfigurationPlatforms) = preSolution
		Debug|Any CPU = Debug|Any CPU
		Release|Any CPU = Release|Any CPU
	EndGlobalSection
	GlobalSection(ProjectConfigurationPlatforms) = postSolution
		{E900697A-1521-48F0-8F95-951C76984EC6}.Debug|Any CPU.ActiveCfg = Debug|Any CPU
		{E900697A-1521-48F0-8F95-951C76984EC6}.Debug|Any CPU.Build.0 = Debug|Any CPU
		{E900697A-1521-48F0-8F95-951C76984EC6}.Release|Any CPU.ActiveCfg = Release|Any CPU
		{E900697A-1521-48F0-8F95-951C76984EC6}.Release|Any CPU.Build.0 = Release|Any CPU
		{70410F97-3A15-48BB-9278-5F0A0CE8776E}.Debug|Any CPU.ActiveCfg = Debug|Any CPU
		{70410F97-3A15-48BB-9278-5F0A0CE8776E}.Debug|Any CPU.Build.0 = Debug|Any CPU
		{70410F97-3A15-48BB-9278-5F0A0CE8776E}.Release|Any CPU.ActiveCfg = Release|Any CPU
		{70410F97-3A15-48BB-9278-5F0A0CE8776E}.Release|Any CPU.Build.0 = Release|Any CPU
		{6038E1C3-2D2B-4FDF-BF2E-11FFF0A74774}.Debug|Any CPU.ActiveCfg = Debug|Any CPU
		{6038E1C3-2D2B-4FDF-BF2E-11FFF0A74774}.Debug|Any CPU.Build.0 = Debug|Any CPU
		{6038E1C3-2D2B-4FDF-BF2E-11FFF0A74774}.Release|Any CPU.ActiveCfg = Release|Any CPU
		{6038E1C3-2D2B-4FDF-BF2E-11FFF0A74774}.Release|Any CPU.Build.0 = Release|Any CPU
		{9656CE96-329F-41FE-81CD-6776F7725D67}.Debug|Any CPU.ActiveCfg = Debug|Any CPU
		{9656CE96-329F-41FE-81CD-6776F7725D67}.Debug|Any CPU.Build.0 = Debug|Any CPU
		{9656CE96-329F-41FE-81CD-6776F7725D67}.Release|Any CPU.ActiveCfg = Release|Any CPU
		{9656CE96-329F-41FE-81CD-6776F7725D67}.Release|Any CPU.Build.0 = Release|Any CPU
		{21B1CCC0-0D72-48D3-98C2-3C9CBD65198B}.Debug|Any CPU.ActiveCfg = Debug|Any CPU
		{21B1CCC0-0D72-48D3-98C2-3C9CBD65198B}.Debug|Any CPU.Build.0 = Debug|Any CPU
		{21B1CCC0-0D72-48D3-98C2-3C9CBD65198B}.Release|Any CPU.ActiveCfg = Release|Any CPU
		{21B1CCC0-0D72-48D3-98C2-3C9CBD65198B}.Release|Any CPU.Build.0 = Release|Any CPU
		{C1D1F2D1-54DF-4033-9ED8-71E38C4A6788}.Debug|Any CPU.ActiveCfg = Debug|Any CPU
		{C1D1F2D1-54DF-4033-9ED8-71E38C4A6788}.Debug|Any CPU.Build.0 = Debug|Any CPU
		{C1D1F2D1-54DF-4033-9ED8-71E38C4A6788}.Release|Any CPU.ActiveCfg = Release|Any CPU
		{C1D1F2D1-54DF-4033-9ED8-71E38C4A6788}.Release|Any CPU.Build.0 = Release|Any CPU
		{95840F6A-EB87-4266-8B47-57D1C98604B4}.Debug|Any CPU.ActiveCfg = Debug|Any CPU
		{95840F6A-EB87-4266-8B47-57D1C98604B4}.Debug|Any CPU.Build.0 = Debug|Any CPU
		{95840F6A-EB87-4266-8B47-57D1C98604B4}.Release|Any CPU.ActiveCfg = Release|Any CPU
		{95840F6A-EB87-4266-8B47-57D1C98604B4}.Release|Any CPU.Build.0 = Release|Any CPU
		{0483516F-9123-4FA9-9FC9-449B39C6DA67}.Debug|Any CPU.ActiveCfg = Debug|Any CPU
		{0483516F-9123-4FA9-9FC9-449B39C6DA67}.Debug|Any CPU.Build.0 = Debug|Any CPU
		{0483516F-9123-4FA9-9FC9-449B39C6DA67}.Release|Any CPU.ActiveCfg = Release|Any CPU
		{0483516F-9123-4FA9-9FC9-449B39C6DA67}.Release|Any CPU.Build.0 = Release|Any CPU
		{3BD12D45-FC73-43D6-AD61-FFCD04816086}.Debug|Any CPU.ActiveCfg = Debug|Any CPU
		{3BD12D45-FC73-43D6-AD61-FFCD04816086}.Debug|Any CPU.Build.0 = Debug|Any CPU
		{3BD12D45-FC73-43D6-AD61-FFCD04816086}.Release|Any CPU.ActiveCfg = Release|Any CPU
		{3BD12D45-FC73-43D6-AD61-FFCD04816086}.Release|Any CPU.Build.0 = Release|Any CPU
		{1ABE2AA8-85EF-423D-B31E-E8CE4C90F527}.Debug|Any CPU.ActiveCfg = Debug|Any CPU
		{1ABE2AA8-85EF-423D-B31E-E8CE4C90F527}.Debug|Any CPU.Build.0 = Debug|Any CPU
		{1ABE2AA8-85EF-423D-B31E-E8CE4C90F527}.Release|Any CPU.ActiveCfg = Release|Any CPU
		{1ABE2AA8-85EF-423D-B31E-E8CE4C90F527}.Release|Any CPU.Build.0 = Release|Any CPU
		{92048B5C-30A2-486B-A545-52EC5FB66432}.Debug|Any CPU.ActiveCfg = Debug|Any CPU
		{92048B5C-30A2-486B-A545-52EC5FB66432}.Debug|Any CPU.Build.0 = Debug|Any CPU
		{92048B5C-30A2-486B-A545-52EC5FB66432}.Release|Any CPU.ActiveCfg = Release|Any CPU
		{92048B5C-30A2-486B-A545-52EC5FB66432}.Release|Any CPU.Build.0 = Release|Any CPU
		{8F2ACCF1-02B5-4118-8C3F-9F02901347D1}.Debug|Any CPU.ActiveCfg = Debug|Any CPU
		{8F2ACCF1-02B5-4118-8C3F-9F02901347D1}.Debug|Any CPU.Build.0 = Debug|Any CPU
		{8F2ACCF1-02B5-4118-8C3F-9F02901347D1}.Release|Any CPU.ActiveCfg = Release|Any CPU
		{8F2ACCF1-02B5-4118-8C3F-9F02901347D1}.Release|Any CPU.Build.0 = Release|Any CPU
		{A943F9AD-C12E-4EB9-92E9-0151D0D2699A}.Debug|Any CPU.ActiveCfg = Debug|Any CPU
		{A943F9AD-C12E-4EB9-92E9-0151D0D2699A}.Debug|Any CPU.Build.0 = Debug|Any CPU
		{A943F9AD-C12E-4EB9-92E9-0151D0D2699A}.Release|Any CPU.ActiveCfg = Release|Any CPU
		{A943F9AD-C12E-4EB9-92E9-0151D0D2699A}.Release|Any CPU.Build.0 = Release|Any CPU
		{D5F4D520-D3C7-4BF4-83A2-D9CF4BCA9258}.Debug|Any CPU.ActiveCfg = Debug|Any CPU
		{D5F4D520-D3C7-4BF4-83A2-D9CF4BCA9258}.Debug|Any CPU.Build.0 = Debug|Any CPU
		{D5F4D520-D3C7-4BF4-83A2-D9CF4BCA9258}.Release|Any CPU.ActiveCfg = Release|Any CPU
		{D5F4D520-D3C7-4BF4-83A2-D9CF4BCA9258}.Release|Any CPU.Build.0 = Release|Any CPU
		{2AE094BC-919E-4F90-82F0-7A145AFA16A3}.Debug|Any CPU.ActiveCfg = Debug|Any CPU
		{2AE094BC-919E-4F90-82F0-7A145AFA16A3}.Debug|Any CPU.Build.0 = Debug|Any CPU
		{2AE094BC-919E-4F90-82F0-7A145AFA16A3}.Release|Any CPU.ActiveCfg = Release|Any CPU
		{2AE094BC-919E-4F90-82F0-7A145AFA16A3}.Release|Any CPU.Build.0 = Release|Any CPU
		{298B3FC5-2885-4EAB-A28C-B50E58A3DE3B}.Debug|Any CPU.ActiveCfg = Debug|Any CPU
		{298B3FC5-2885-4EAB-A28C-B50E58A3DE3B}.Debug|Any CPU.Build.0 = Debug|Any CPU
		{298B3FC5-2885-4EAB-A28C-B50E58A3DE3B}.Release|Any CPU.ActiveCfg = Release|Any CPU
		{298B3FC5-2885-4EAB-A28C-B50E58A3DE3B}.Release|Any CPU.Build.0 = Release|Any CPU
	EndGlobalSection
	GlobalSection(SolutionProperties) = preSolution
		HideSolutionNode = FALSE
	EndGlobalSection
	GlobalSection(NestedProjects) = preSolution
		{E900697A-1521-48F0-8F95-951C76984EC6} = {02EA681E-C7D8-13C7-8484-4AC65E1B71E8}
		{70410F97-3A15-48BB-9278-5F0A0CE8776E} = {D51972CB-F568-47C0-BB80-430C021271CA}
		{6038E1C3-2D2B-4FDF-BF2E-11FFF0A74774} = {A708E72B-36E1-4FE5-86F5-5DDAFC23640E}
		{9656CE96-329F-41FE-81CD-6776F7725D67} = {A708E72B-36E1-4FE5-86F5-5DDAFC23640E}
		{21B1CCC0-0D72-48D3-98C2-3C9CBD65198B} = {A708E72B-36E1-4FE5-86F5-5DDAFC23640E}
		{C1D1F2D1-54DF-4033-9ED8-71E38C4A6788} = {C7454AFC-6421-4266-A463-98C00AF674C4}
		{95840F6A-EB87-4266-8B47-57D1C98604B4} = {C7454AFC-6421-4266-A463-98C00AF674C4}
		{0483516F-9123-4FA9-9FC9-449B39C6DA67} = {C7454AFC-6421-4266-A463-98C00AF674C4}
		{3BD12D45-FC73-43D6-AD61-FFCD04816086} = {E6868008-6A3D-4916-BBA0-8FA40E9D8F35}
		{1ABE2AA8-85EF-423D-B31E-E8CE4C90F527} = {E6868008-6A3D-4916-BBA0-8FA40E9D8F35}
		{92048B5C-30A2-486B-A545-52EC5FB66432} = {617467CF-9936-4A8D-9DFC-F9660EBD188C}
		{8F2ACCF1-02B5-4118-8C3F-9F02901347D1} = {617467CF-9936-4A8D-9DFC-F9660EBD188C}
		{A943F9AD-C12E-4EB9-92E9-0151D0D2699A} = {617467CF-9936-4A8D-9DFC-F9660EBD188C}
		{D5F4D520-D3C7-4BF4-83A2-D9CF4BCA9258} = {2D929F0E-AD94-40D5-84A8-A2239629DADF}
		{2AE094BC-919E-4F90-82F0-7A145AFA16A3} = {2D929F0E-AD94-40D5-84A8-A2239629DADF}
		{298B3FC5-2885-4EAB-A28C-B50E58A3DE3B} = {2D929F0E-AD94-40D5-84A8-A2239629DADF}
	EndGlobalSection
	GlobalSection(ExtensibilityGlobals) = postSolution
		SolutionGuid = {F8815F6C-16A1-4530-8884-B83D973C4B68}
	EndGlobalSection
EndGlobal
